{
  "version": 1,
  "dependencies": {
    "net10.0-windows7.0": {
      "DalamudPackager": {
        "type": "Direct",
        "requested": "[14.0.2, )",
        "resolved": "14.0.2",
        "contentHash": "dQJeq+8eyHzra4Cg5eZ/3LAeS3/UpvvLriYJGSncMK9LqJ7Q4B6jwcOsxo3PfxVd15xj+IzVFxkPqIBmPQu8/w=="
      },
      "DotNet.ReproducibleBuilds": {
        "type": "Direct",
        "requested": "[1.2.39, )",
        "resolved": "1.2.39",
        "contentHash": "fcFN01tDTIQqDuTwr1jUQK/geofiwjG5DycJQOnC72i1SsLAk1ELe+apBOuZ11UMQG8YKFZG1FgvjZPbqHyatg=="
      },
      "FFMpegCore.Extensions.Downloader": {
        "type": "Direct",
        "requested": "[5.0.0, )",
        "resolved": "5.0.0",
        "contentHash": "9CRRTcj26pytf+Uxmx+n5/BEgd+7ThKmIpVcy0CwLdNc8zPEZLENr1IlCW6SwslBxEJtV1Wl961nJ87N2aWNLw==",
        "dependencies": {
          "FFMpegCore": "5.3.0"
        }
      },
      "TerraFX.Interop.Windows": {
        "type": "Direct",
        "requested": "[10.0.26100.6, )",
        "resolved": "10.0.26100.6",
        "contentHash": "QjL9vliSWmscUv6A7bjvsryHjYnY0norqvCNcLXSdEy1VIIzMF6FiS7BuvLTBuGUeN9FY4zJbU65OsHEv7jG9A=="
      },
      "FFMpegCore": {
        "type": "Transitive",
        "resolved": "5.3.0",
        "contentHash": "reCfH80nwImDl1PpC3h+1XHTUCIdvuNoSW+U5iN4wXmmHmheGo+wps0nlUeQiZthM+0yZraanQTw1TWYB5VuqQ==",
        "dependencies": {
          "Instances": "3.0.2"
        }
      },
      "Instances": {
        "type": "Transitive",
        "resolved": "3.0.2",
        "contentHash": "LfhegDpmA8PuHW58RmgVvCDG/mfVCTU+Vhy4ppmXLJfAer33Xl0NocDy92OwSL6CnkVdx41O/I0+BjNhU1JtMQ=="
      }
    }
  }
}